
Microsoft Visual Studio Solution File, Format Version 12.00
# Visual Studio Version 17
VisualStudioVersion = 17.14.36414.22
MinimumVisualStudioVersion = 10.0.40219.1
Project("{FAE04EC0-301F-11D3-BF4B-00C04F79EFBC}") = "SnelsteAtleet", "SnelsteAtleet\SnelsteAtleet.csproj", "{2447A8A4-A141-4631-95B3-48D946B5110F}"
EndProject
Project("{FAE04EC0-301F-11D3-BF4B-00C04F79EFBC}") = "SimonSays", "SimonSays\SimonSays.csproj", "{BA6DB2DD-F74D-4D22-9384-1BD57A441D08}"
EndProject
Project("{FAE04EC0-301F-11D3-BF4B-00C04F79EFBC}") = "BroodjesBar", "BroodjesBar\BroodjesBar.csproj", "{F9540AF7-FDFC-4A3D-9DA9-35672E1CB067}"
EndProject
Global
	GlobalSection(SolutionConfigurationPlatforms) = preSolution
		Debug|Any CPU = Debug|Any CPU
		Release|Any CPU = Release|Any CPU
	EndGlobalSection
	GlobalSection(ProjectConfigurationPlatforms) = postSolution
		{2447A8A4-A141-4631-95B3-48D946B5110F}.Debug|Any CPU.ActiveCfg = Debug|Any CPU
		{2447A8A4-A141-4631-95B3-48D946B5110F}.Debug|Any CPU.Build.0 = Debug|Any CPU
		{2447A8A4-A141-4631-95B3-48D946B5110F}.Release|Any CPU.ActiveCfg = Release|Any CPU
		{2447A8A4-A141-4631-95B3-48D946B5110F}.Release|Any CPU.Build.0 = Release|Any CPU
		{BA6DB2DD-F74D-4D22-9384-1BD57A441D08}.Debug|Any CPU.ActiveCfg = Debug|Any CPU
		{BA6DB2DD-F74D-4D22-9384-1BD57A441D08}.Debug|Any CPU.Build.0 = Debug|Any CPU
		{BA6DB2DD-F74D-4D22-9384-1BD57A441D08}.Release|Any CPU.ActiveCfg = Release|Any CPU
		{BA6DB2DD-F74D-4D22-9384-1BD57A441D08}.Release|Any CPU.Build.0 = Release|Any CPU
		{F9540AF7-FDFC-4A3D-9DA9-35672E1CB067}.Debug|Any CPU.ActiveCfg = Debug|Any CPU
		{F9540AF7-FDFC-4A3D-9DA9-35672E1CB067}.Debug|Any CPU.Build.0 = Debug|Any CPU
		{F9540AF7-FDFC-4A3D-9DA9-35672E1CB067}.Release|Any CPU.ActiveCfg = Release|Any CPU
		{F9540AF7-FDFC-4A3D-9DA9-35672E1CB067}.Release|Any CPU.Build.0 = Release|Any CPU
	EndGlobalSection
	GlobalSection(SolutionProperties) = preSolution
		HideSolutionNode = FALSE
	EndGlobalSection
	GlobalSection(ExtensibilityGlobals) = postSolution
		SolutionGuid = {D6EB2680-0259-40E5-91C7-8EBD3747BC5C}
	EndGlobalSection
EndGlobal
